
Microsoft Visual Studio Solution File, Format Version 12.00
# Visual Studio Version 16
VisualStudioVersion = 16.0.34031.81
MinimumVisualStudioVersion = 10.0.40219.1
Project("{00D1A9C2-B5F0-4AF3-8072-F6C62B433612}") = "Database1", "Database1\Database1.sqlproj", "{34B832E5-4A94-4ACB-BD79-A220B3A80C52}"
EndProject
Global
	GlobalSection(SolutionConfigurationPlatforms) = preSolution
		Debug|Any CPU = Debug|Any CPU
		Release|Any CPU = Release|Any CPU
	EndGlobalSection
	GlobalSection(ProjectConfigurationPlatforms) = postSolution
		{34B832E5-4A94-4ACB-BD79-A220B3A80C52}.Debug|Any CPU.ActiveCfg = Debug|Any CPU
		{34B832E5-4A94-4ACB-BD79-A220B3A80C52}.Debug|Any CPU.Build.0 = Debug|Any CPU
		{34B832E5-4A94-4ACB-BD79-A220B3A80C52}.Debug|Any CPU.Deploy.0 = Debug|Any CPU
		{34B832E5-4A94-4ACB-BD79-A220B3A80C52}.Release|Any CPU.ActiveCfg = Release|Any CPU
		{34B832E5-4A94-4ACB-BD79-A220B3A80C52}.Release|Any CPU.Build.0 = Release|Any CPU
		{34B832E5-4A94-4ACB-BD79-A220B3A80C52}.Release|Any CPU.Deploy.0 = Release|Any CPU
	EndGlobalSection
	GlobalSection(SolutionProperties) = preSolution
		HideSolutionNode = FALSE
	EndGlobalSection
	GlobalSection(ExtensibilityGlobals) = postSolution
		SolutionGuid = {2C701219-7ECC-42BD-B0A6-F8359A44EBD9}
	EndGlobalSection
EndGlobal
