
Microsoft Visual Studio Solution File, Format Version 12.00
# Visual Studio Version 16
VisualStudioVersion = 16.0.33214.272
MinimumVisualStudioVersion = 10.0.40219.1
Project("{8BC9CEB8-8B4A-11D0-8D11-00A0C91BC942}") = "Student Report Management System", "Student Report Management System\Student Report Management System.vcxproj", "{A8A71CB2-8916-4795-B247-298C2E7F796E}"
EndProject
Global
	GlobalSection(SolutionConfigurationPlatforms) = preSolution
		Debug|x64 = Debug|x64
		Debug|x86 = Debug|x86
		Release|x64 = Release|x64
		Release|x86 = Release|x86
	EndGlobalSection
	GlobalSection(ProjectConfigurationPlatforms) = postSolution
		{A8A71CB2-8916-4795-B247-298C2E7F796E}.Debug|x64.ActiveCfg = Debug|x64
		{A8A71CB2-8916-4795-B247-298C2E7F796E}.Debug|x64.Build.0 = Debug|x64
		{A8A71CB2-8916-4795-B247-298C2E7F796E}.Debug|x86.ActiveCfg = Debug|Win32
		{A8A71CB2-8916-4795-B247-298C2E7F796E}.Debug|x86.Build.0 = Debug|Win32
		{A8A71CB2-8916-4795-B247-298C2E7F796E}.Release|x64.ActiveCfg = Release|x64
		{A8A71CB2-8916-4795-B247-298C2E7F796E}.Release|x64.Build.0 = Release|x64
		{A8A71CB2-8916-4795-B247-298C2E7F796E}.Release|x86.ActiveCfg = Release|Win32
		{A8A71CB2-8916-4795-B247-298C2E7F796E}.Release|x86.Build.0 = Release|Win32
	EndGlobalSection
	GlobalSection(SolutionProperties) = preSolution
		HideSolutionNode = FALSE
	EndGlobalSection
	GlobalSection(ExtensibilityGlobals) = postSolution
		SolutionGuid = {C9DE49A5-42B6-4E70-9D1C-5ADB2A746B26}
	EndGlobalSection
EndGlobal
